
Microsoft Visual Studio Solution File, Format Version 12.00
# Visual Studio Version 17
VisualStudioVersion = 17.2.32630.192
MinimumVisualStudioVersion = 10.0.40219.1
Project("{FAE04EC0-301F-11D3-BF4B-00C04F79EFBC}") = "iSchoolWebApp", "iSchoolWebApp\iSchoolWebApp.csproj", "{63A7186B-3A4E-4E41-80BD-EBB05D764129}"
EndProject
Global
	GlobalSection(SolutionConfigurationPlatforms) = preSolution
		Debug|Any CPU = Debug|Any CPU
		Release|Any CPU = Release|Any CPU
	EndGlobalSection
	GlobalSection(ProjectConfigurationPlatforms) = postSolution
		{63A7186B-3A4E-4E41-80BD-EBB05D764129}.Debug|Any CPU.ActiveCfg = Debug|Any CPU
		{63A7186B-3A4E-4E41-80BD-EBB05D764129}.Debug|Any CPU.Build.0 = Debug|Any CPU
		{63A7186B-3A4E-4E41-80BD-EBB05D764129}.Release|Any CPU.ActiveCfg = Release|Any CPU
		{63A7186B-3A4E-4E41-80BD-EBB05D764129}.Release|Any CPU.Build.0 = Release|Any CPU
	EndGlobalSection
	GlobalSection(SolutionProperties) = preSolution
		HideSolutionNode = FALSE
	EndGlobalSection
	GlobalSection(ExtensibilityGlobals) = postSolution
		SolutionGuid = {D9D9F122-B791-4E2C-928F-B314B0E6A4E5}
	EndGlobalSection
EndGlobal
